// !$*UTF8*$!
{
	archiveVersion = 1;
	classes = {
	};
	objectVersion = 50;
	objects = {

/* Begin PBXBuildFile section */
		299889D320E649A700D391E4 /* AppDelegate.swift in Sources */ = {isa = PBXBuildFile; fileRef = 299889D220E649A700D391E4 /* AppDelegate.swift */; };
		299889D520E649A700D391E4 /* ViewController.swift in Sources */ = {isa = PBXBuildFile; fileRef = 299889D420E649A700D391E4 /* ViewController.swift */; };
		299889D820E649A700D391E4 /* Main.storyboard in Resources */ = {isa = PBXBuildFile; fileRef = 299889D620E649A700D391E4 /* Main.storyboard */; };
		299889DA20E649A800D391E4 /* Assets.xcassets in Resources */ = {isa = PBXBuildFile; fileRef = 299889D920E649A800D391E4 /* Assets.xcassets */; };
		299889DD20E649A800D391E4 /* LaunchScreen.storyboard in Resources */ = {isa = PBXBuildFile; fileRef = 299889DB20E649A800D391E4 /* LaunchScreen.storyboard */; };
		299889E520E64F2000D391E4 /* FirstCollectionViewCell.swift in Sources */ = {isa = PBXBuildFile; fileRef = 299889E420E64F2000D391E4 /* FirstCollectionViewCell.swift */; };
		299889E720E64F2A00D391E4 /* SecondCollectionViewCell.swift in Sources */ = {isa = PBXBuildFile; fileRef = 299889E620E64F2A00D391E4 /* SecondCollectionViewCell.swift */; };
		299889E920E64F3200D391E4 /* ThirdCollectionViewCell.swift in Sources */ = {isa = PBXBuildFile; fileRef = 299889E820E64F3200D391E4 /* ThirdCollectionViewCell.swift */; };
		299889EB20E64F4300D391E4 /* ForthCollectionViewCell.swift in Sources */ = {isa = PBXBuildFile; fileRef = 299889EA20E64F4300D391E4 /* ForthCollectionViewCell.swift */; };
		299889EE20E6525F00D391E4 /* FifthCollectionViewCell.swift in Sources */ = {isa = PBXBuildFile; fileRef = 299889ED20E6525F00D391E4 /* FifthCollectionViewCell.swift */; };
/* End PBXBuildFile section */

/* Begin PBXFileReference section */
		299889CF20E649A700D391E4 /* CollectionViewInsideUITableViewCtrller.app */ = {isa = PBXFileReference; explicitFileType = wrapper.application; includeInIndex = 0; path = CollectionViewInsideUITableViewCtrller.app; sourceTree = BUILT_PRODUCTS_DIR; };
		299889D220E649A700D391E4 /* AppDelegate.swift */ = {isa = PBXFileReference; lastKnownFileType = sourcecode.swift; path = AppDelegate.swift; sourceTree = "<group>"; };
		299889D420E649A700D391E4 /* ViewController.swift */ = {isa = PBXFileReference; lastKnownFileType = sourcecode.swift; path = ViewController.swift; sourceTree = "<group>"; };
		299889D720E649A700D391E4 /* Base */ = {isa = PBXFileReference; lastKnownFileType = file.storyboard; name = Base; path = Base.lproj/Main.storyboard; sourceTree = "<group>"; };
		299889D920E649A800D391E4 /* Assets.xcassets */ = {isa = PBXFileReference; lastKnownFileType = folder.assetcatalog; path = Assets.xcassets; sourceTree = "<group>"; };
		299889DC20E649A800D391E4 /* Base */ = {isa = PBXFileReference; lastKnownFileType = file.storyboard; name = Base; path = Base.lproj/LaunchScreen.storyboard; sourceTree = "<group>"; };
		299889DE20E649A900D391E4 /* Info.plist */ = {isa = PBXFileReference; lastKnownFileType = text.plist.xml; path = Info.plist; sourceTree = "<group>"; };
		299889E420E64F2000D391E4 /* FirstCollectionViewCell.swift */ = {isa = PBXFileReference; lastKnownFileType = sourcecode.swift; path = FirstCollectionViewCell.swift; sourceTree = "<group>"; };
		299889E620E64F2A00D391E4 /* SecondCollectionViewCell.swift */ = {isa = PBXFileReference; lastKnownFileType = sourcecode.swift; path = SecondCollectionViewCell.swift; sourceTree = "<group>"; };
		299889E820E64F3200D391E4 /* ThirdCollectionViewCell.swift */ = {isa = PBXFileReference; lastKnownFileType = sourcecode.swift; path = ThirdCollectionViewCell.swift; sourceTree = "<group>"; };
		299889EA20E64F4300D391E4 /* ForthCollectionViewCell.swift */ = {isa = PBXFileReference; lastKnownFileType = sourcecode.swift; path = ForthCollectionViewCell.swift; sourceTree = "<group>"; };
		299889ED20E6525F00D391E4 /* FifthCollectionViewCell.swift */ = {isa = PBXFileReference; lastKnownFileType = sourcecode.swift; path = FifthCollectionViewCell.swift; sourceTree = "<group>"; };
/* End PBXFileReference section */

/* Begin PBXFrameworksBuildPhase section */
		299889CC20E649A700D391E4 /* Frameworks */ = {
			isa = PBXFrameworksBuildPhase;
			buildActionMask = 2147483647;
			files = (
			);
			runOnlyForDeploymentPostprocessing = 0;
		};
/* End PBXFrameworksBuildPhase section */

/* Begin PBXGroup section */
		299889C620E649A700D391E4 = {
			isa = PBXGroup;
			children = (
				299889D120E649A700D391E4 /* CollectionViewInsideUITableViewCtrller */,
				299889D020E649A700D391E4 /* Products */,
			);
			sourceTree = "<group>";
		};
		299889D020E649A700D391E4 /* Products */ = {
			isa = PBXGroup;
			children = (
				299889CF20E649A700D391E4 /* CollectionViewInsideUITableViewCtrller.app */,
			);
			name = Products;
			sourceTree = "<group>";
		};
		299889D120E649A700D391E4 /* CollectionViewInsideUITableViewCtrller */ = {
			isa = PBXGroup;
			children = (
				299889D220E649A700D391E4 /* AppDelegate.swift */,
				299889D420E649A700D391E4 /* ViewController.swift */,
				299889EC20E64F4F00D391E4 /* Cell */,
				299889D620E649A700D391E4 /* Main.storyboard */,
				299889D920E649A800D391E4 /* Assets.xcassets */,
				299889DB20E649A800D391E4 /* LaunchScreen.storyboard */,
				299889DE20E649A900D391E4 /* Info.plist */,
			);
			path = CollectionViewInsideUITableViewCtrller;
			sourceTree = "<group>";
		};
		299889EC20E64F4F00D391E4 /* Cell */ = {
			isa = PBXGroup;
			children = (
				299889E420E64F2000D391E4 /* FirstCollectionViewCell.swift */,
				299889E620E64F2A00D391E4 /* SecondCollectionViewCell.swift */,
				299889E820E64F3200D391E4 /* ThirdCollectionViewCell.swift */,
				299889EA20E64F4300D391E4 /* ForthCollectionViewCell.swift */,
				299889ED20E6525F00D391E4 /* FifthCollectionViewCell.swift */,
			);
			path = Cell;
			sourceTree = "<group>";
		};
/* End PBXGroup section */

/* Begin PBXNativeTarget section */
		299889CE20E649A700D391E4 /* CollectionViewInsideUITableViewCtrller */ = {
			isa = PBXNativeTarget;
			buildConfigurationList = 299889E120E649A900D391E4 /* Build configuration list for PBXNativeTarget "CollectionViewInsideUITableViewCtrller" */;
			buildPhases = (
				299889CB20E649A700D391E4 /* Sources */,
				299889CC20E649A700D391E4 /* Frameworks */,
				299889CD20E649A700D391E4 /* Resources */,
			);
			buildRules = (
			);
			dependencies = (
			);
			name = CollectionViewInsideUITableViewCtrller;
			productName = CollectionViewInsideUITableViewCtrller;
			productReference = 299889CF20E649A700D391E4 /* CollectionViewInsideUITableViewCtrller.app */;
			productType = "com.apple.product-type.application";
		};
/* End PBXNativeTarget section */

/* Begin PBXProject section */
		299889C720E649A700D391E4 /* Project object */ = {
			isa = PBXProject;
			attributes = {
				LastSwiftUpdateCheck = 0940;
				LastUpgradeCheck = 0940;
				ORGANIZATIONNAME = AmirDaliri;
				TargetAttributes = {
					299889CE20E649A700D391E4 = {
						CreatedOnToolsVersion = 9.4.1;
					};
				};
			};
			buildConfigurationList = 299889CA20E649A700D391E4 /* Build configuration list for PBXProject "CollectionViewInsideUITableViewCtrller" */;
			compatibilityVersion = "Xcode 9.3";
			developmentRegion = en;
			hasScannedForEncodings = 0;
			knownRegions = (
				en,
				Base,
			);
			mainGroup = 299889C620E649A700D391E4;
			productRefGroup = 299889D020E649A700D391E4 /* Products */;
			projectDirPath = "";
			projectRoot = "";
			targets = (
				299889CE20E649A700D391E4 /* CollectionViewInsideUITableViewCtrller */,
			);
		};
/* End PBXProject section */

/* Begin PBXResourcesBuildPhase section */
		299889CD20E649A700D391E4 /* Resources */ = {
			isa = PBXResourcesBuildPhase;
			buildActionMask = 2147483647;
			files = (
				299889DD20E649A800D391E4 /* LaunchScreen.storyboard in Resources */,
				299889DA20E649A800D391E4 /* Assets.xcassets in Resources */,
				299889D820E649A700D391E4 /* Main.storyboard in Resources */,
			);
			runOnlyForDeploymentPostprocessing = 0;
		};
/* End PBXResourcesBuildPhase section */

/* Begin PBXSourcesBuildPhase section */
		299889CB20E649A700D391E4 /* Sources */ = {
			isa = PBXSourcesBuildPhase;
			buildActionMask = 2147483647;
			files = (
				299889E720E64F2A00D391E4 /* SecondCollectionViewCell.swift in Sources */,
				299889E520E64F2000D391E4 /* FirstCollectionViewCell.swift in Sources */,
				299889EE20E6525F00D391E4 /* FifthCollectionViewCell.swift in Sources */,
				299889EB20E64F4300D391E4 /* ForthCollectionViewCell.swift in Sources */,
				299889E920E64F3200D391E4 /* ThirdCollectionViewCell.swift in Sources */,
				299889D520E649A700D391E4 /* ViewController.swift in Sources */,
				299889D320E649A700D391E4 /* AppDelegate.swift in Sources */,
			);
			runOnlyForDeploymentPostprocessing = 0;
		};
/* End PBXSourcesBuildPhase section */

/* Begin PBXVariantGroup section */
		299889D620E649A700D391E4 /* Main.storyboard */ = {
			isa = PBXVariantGroup;
			children = (
				299889D720E649A700D391E4 /* Base */,
			);
			name = Main.storyboard;
			sourceTree = "<group>";
		};
		299889DB20E649A800D391E4 /* LaunchScreen.storyboard */ = {
			isa = PBXVariantGroup;
			children = (
				299889DC20E649A800D391E4 /* Base */,
			);
			name = LaunchScreen.storyboard;
			sourceTree = "<group>";
		};
/* End PBXVariantGroup section */

/* Begin XCBuildConfiguration section */
		299889DF20E649A900D391E4 /* Debug */ = {
			isa = XCBuildConfiguration;
			buildSettings = {
				ALWAYS_SEARCH_USER_PATHS = NO;
				CLANG_ANALYZER_NONNULL = YES;
				CLANG_ANALYZER_NUMBER_OBJECT_CONVERSION = YES_AGGRESSIVE;
				CLANG_CXX_LANGUAGE_STANDARD = "gnu++14";
				CLANG_CXX_LIBRARY = "libc++";
				CLANG_ENABLE_MODULES = YES;
				CLANG_ENABLE_OBJC_ARC = YES;
				CLANG_ENABLE_OBJC_WEAK = YES;
				CLANG_WARN_BLOCK_CAPTURE_AUTORELEASING = YES;
				CLANG_WARN_BOOL_CONVERSION = YES;
				CLANG_WARN_COMMA = YES;
				CLANG_WARN_CONSTANT_CONVERSION = YES;
				CLANG_WARN_DEPRECATED_OBJC_IMPLEMENTATIONS = YES;
				CLANG_WARN_DIRECT_OBJC_ISA_USAGE = YES_ERROR;
				CLANG_WARN_DOCUMENTATION_COMMENTS = YES;
				CLANG_WARN_EMPTY_BODY = YES;
				CLANG_WARN_ENUM_CONVERSION = YES;
				CLANG_WARN_INFINITE_RECURSION = YES;
				CLANG_WARN_INT_CONVERSION = YES;
				CLANG_WARN_NON_LITERAL_NULL_CONVERSION = YES;
				CLANG_WARN_OBJC_IMPLICIT_RETAIN_SELF = YES;
				CLANG_WARN_OBJC_LITERAL_CONVERSION = YES;
				CLANG_WARN_OBJC_ROOT_CLASS = YES_ERROR;
				CLANG_WARN_RANGE_LOOP_ANALYSIS = YES;
				CLANG_WARN_STRICT_PROTOTYPES = YES;
				CLANG_WARN_SUSPICIOUS_MOVE = YES;
				CLANG_WARN_UNGUARDED_AVAILABILITY = YES_AGGRESSIVE;
				CLANG_WARN_UNREACHABLE_CODE = YES;
				CLANG_WARN__DUPLICATE_METHOD_MATCH = YES;
				CODE_SIGN_IDENTITY = "iPhone Developer";
				COPY_PHASE_STRIP = NO;
				DEBUG_INFORMATION_FORMAT = dwarf;
				ENABLE_STRICT_OBJC_MSGSEND = YES;
				ENABLE_TESTABILITY = YES;
				GCC_C_LANGUAGE_STANDARD = gnu11;
				GCC_DYNAMIC_NO_PIC = NO;
				GCC_NO_COMMON_BLOCKS = YES;
				GCC_OPTIMIZATION_LEVEL = 0;
				GCC_PREPROCESSOR_DEFINITIONS = (
					"DEBUG=1",
					"$(inherited)",
				);
				GCC_WARN_64_TO_32_BIT_CONVERSION = YES;
				GCC_WARN_ABOUT_RETURN_TYPE = YES_ERROR;
				GCC_WARN_UNDECLARED_SELECTOR = YES;
				GCC_WARN_UNINITIALIZED_AUTOS = YES_AGGRESSIVE;
				GCC_WARN_UNUSED_FUNCTION = YES;
				GCC_WARN_UNUSED_VARIABLE = YES;
				IPHONEOS_DEPLOYMENT_TARGET = 11.4;
				MTL_ENABLE_DEBUG_INFO = YES;
				ONLY_ACTIVE_ARCH = YES;
				SDKROOT = iphoneos;
				SWIFT_ACTIVE_COMPILATION_CONDITIONS = DEBUG;
				SWIFT_OPTIMIZATION_LEVEL = "-Onone";
			};
			name = Debug;
		};
		299889E020E649A900D391E4 /* Release */ = {
			isa = XCBuildConfiguration;
			buildSettings = {
				ALWAYS_SEARCH_USER_PATHS = NO;
				CLANG_ANALYZER_NONNULL = YES;
				CLANG_ANALYZER_NUMBER_OBJECT_CONVERSION = YES_AGGRESSIVE;
				CLANG_CXX_LANGUAGE_STANDARD = "gnu++14";
				CLANG_CXX_LIBRARY = "libc++";
				CLANG_ENABLE_MODULES = YES;
				CLANG_ENABLE_OBJC_ARC = YES;
				CLANG_ENABLE_OBJC_WEAK = YES;
				CLANG_WARN_BLOCK_CAPTURE_AUTORELEASING = YES;
				CLANG_WARN_BOOL_CONVERSION = YES;
				CLANG_WARN_COMMA = YES;
				CLANG_WARN_CONSTANT_CONVERSION = YES;
				CLANG_WARN_DEPRECATED_OBJC_IMPLEMENTATIONS = YES;
				CLANG_WARN_DIRECT_OBJC_ISA_USAGE = YES_ERROR;
				CLANG_WARN_DOCUMENTATION_COMMENTS = YES;
				CLANG_WARN_EMPTY_BODY = YES;
				CLANG_WARN_ENUM_CONVERSION = YES;
				CLANG_WARN_INFINITE_RECURSION = YES;
				CLANG_WARN_INT_CONVERSION = YES;
				CLANG_WARN_NON_LITERAL_NULL_CONVERSION = YES;
				CLANG_WARN_OBJC_IMPLICIT_RETAIN_SELF = YES;
				CLANG_WARN_OBJC_LITERAL_CONVERSION = YES;
				CLANG_WARN_OBJC_ROOT_CLASS = YES_ERROR;
				CLANG_WARN_RANGE_LOOP_ANALYSIS = YES;
				CLANG_WARN_STRICT_PROTOTYPES = YES;
				CLANG_WARN_SUSPICIOUS_MOVE = YES;
				CLANG_WARN_UNGUARDED_AVAILABILITY = YES_AGGRESSIVE;
				CLANG_WARN_UNREACHABLE_CODE = YES;
				CLANG_WARN__DUPLICATE_METHOD_MATCH = YES;
				CODE_SIGN_IDENTITY = "iPhone Developer";
				COPY_PHASE_STRIP = NO;
				DEBUG_INFORMATION_FORMAT = "dwarf-with-dsym";
				ENABLE_NS_ASSERTIONS = NO;
				ENABLE_STRICT_OBJC_MSGSEND = YES;
				GCC_C_LANGUAGE_STANDARD = gnu11;
				GCC_NO_COMMON_BLOCKS = YES;
				GCC_WARN_64_TO_32_BIT_CONVERSION = YES;
				GCC_WARN_ABOUT_RETURN_TYPE = YES_ERROR;
				GCC_WARN_UNDECLARED_SELECTOR = YES;
				GCC_WARN_UNINITIALIZED_AUTOS = YES_AGGRESSIVE;
				GCC_WARN_UNUSED_FUNCTION = YES;
				GCC_WARN_UNUSED_VARIABLE = YES;
				IPHONEOS_DEPLOYMENT_TARGET = 11.4;
				MTL_ENABLE_DEBUG_INFO = NO;
				SDKROOT = iphoneos;
				SWIFT_COMPILATION_MODE = wholemodule;
				SWIFT_OPTIMIZATION_LEVEL = "-O";
				VALIDATE_PRODUCT = YES;
			};
			name = Release;
		};
		299889E220E649A900D391E4 /* Debug */ = {
			isa = XCBuildConfiguration;
			buildSettings = {
				ASSETCATALOG_COMPILER_APPICON_NAME = AppIcon;
				CODE_SIGN_STYLE = Automatic;
				DEVELOPMENT_TEAM = 24HQ956448;
				INFOPLIST_FILE = CollectionViewInsideUITableViewCtrller/Info.plist;
				LD_RUNPATH_SEARCH_PATHS = (
					"$(inherited)",
					"@executable_path/Frameworks",
				);
				PRODUCT_BUNDLE_IDENTIFIER = com.test.collectionview.adl.CollectionViewInsideUITableViewCtrller;
				PRODUCT_NAME = "$(TARGET_NAME)";
				SWIFT_VERSION = 4.0;
				TARGETED_DEVICE_FAMILY = "1,2";
			};
			name = Debug;
		};
		299889E320E649A900D391E4 /* Release */ = {
			isa = XCBuildConfiguration;
			buildSettings = {
				ASSETCATALOG_COMPILER_APPICON_NAME = AppIcon;
				CODE_SIGN_STYLE = Automatic;
				DEVELOPMENT_TEAM = 24HQ956448;
				INFOPLIST_FILE = CollectionViewInsideUITableViewCtrller/Info.plist;
				LD_RUNPATH_SEARCH_PATHS = (
					"$(inherited)",
					"@executable_path/Frameworks",
				);
				PRODUCT_BUNDLE_IDENTIFIER = com.test.collectionview.adl.CollectionViewInsideUITableViewCtrller;
				PRODUCT_NAME = "$(TARGET_NAME)";
				SWIFT_VERSION = 4.0;
				TARGETED_DEVICE_FAMILY = "1,2";
			};
			name = Release;
		};
/* End XCBuildConfiguration section */

/* Begin XCConfigurationList section */
		299889CA20E649A700D391E4 /* Build configuration list for PBXProject "CollectionViewInsideUITableViewCtrller" */ = {
			isa = XCConfigurationList;
			buildConfigurations = (
				299889DF20E649A900D391E4 /* Debug */,
				299889E020E649A900D391E4 /* Release */,
			);
			defaultConfigurationIsVisible = 0;
			defaultConfigurationName = Release;
		};
		299889E120E649A900D391E4 /* Build configuration list for PBXNativeTarget "CollectionViewInsideUITableViewCtrller" */ = {
			isa = XCConfigurationList;
			buildConfigurations = (
				299889E220E649A900D391E4 /* Debug */,
				299889E320E649A900D391E4 /* Release */,
			);
			defaultConfigurationIsVisible = 0;
			defaultConfigurationName = Release;
		};
/* End XCConfigurationList section */
	};
	rootObject = 299889C720E649A700D391E4 /* Project object */;
}
